
Microsoft Visual Studio Solution File, Format Version 12.00
# Visual Studio 15
Project("{FAE04EC0-301F-11D3-BF4B-00C04F79EFBC}") = "Assembly-CSharp", "Assembly-CSharp.csproj", "{F4BA9270-17F6-5900-2A63-663106D8DD10}"
EndProject
Project("{FAE04EC0-301F-11D3-BF4B-00C04F79EFBC}") = "Assembly-CSharp-firstpass", "Assembly-CSharp-firstpass.csproj", "{374B5144-19CA-6078-677D-E67F3756BB23}"
EndProject
Project("{FAE04EC0-301F-11D3-BF4B-00C04F79EFBC}") = "Assembly-CSharp-Editor", "Assembly-CSharp-Editor.csproj", "{6811225A-8620-151F-A1C3-EB1FFBBCF596}"
EndProject
Global
	GlobalSection(SolutionConfigurationPlatforms) = preSolution
		Debug|Any CPU = Debug|Any CPU
		Release|Any CPU = Release|Any CPU
	EndGlobalSection
	GlobalSection(ProjectConfigurationPlatforms) = postSolution
		{F4BA9270-17F6-5900-2A63-663106D8DD10}.Debug|Any CPU.ActiveCfg = Debug|Any CPU
		{F4BA9270-17F6-5900-2A63-663106D8DD10}.Debug|Any CPU.Build.0 = Debug|Any CPU
		{F4BA9270-17F6-5900-2A63-663106D8DD10}.Release|Any CPU.ActiveCfg = Release|Any CPU
		{F4BA9270-17F6-5900-2A63-663106D8DD10}.Release|Any CPU.Build.0 = Release|Any CPU
		{374B5144-19CA-6078-677D-E67F3756BB23}.Debug|Any CPU.ActiveCfg = Debug|Any CPU
		{374B5144-19CA-6078-677D-E67F3756BB23}.Debug|Any CPU.Build.0 = Debug|Any CPU
		{374B5144-19CA-6078-677D-E67F3756BB23}.Release|Any CPU.ActiveCfg = Release|Any CPU
		{374B5144-19CA-6078-677D-E67F3756BB23}.Release|Any CPU.Build.0 = Release|Any CPU
		{6811225A-8620-151F-A1C3-EB1FFBBCF596}.Debug|Any CPU.ActiveCfg = Debug|Any CPU
		{6811225A-8620-151F-A1C3-EB1FFBBCF596}.Debug|Any CPU.Build.0 = Debug|Any CPU
		{6811225A-8620-151F-A1C3-EB1FFBBCF596}.Release|Any CPU.ActiveCfg = Release|Any CPU
		{6811225A-8620-151F-A1C3-EB1FFBBCF596}.Release|Any CPU.Build.0 = Release|Any CPU
	EndGlobalSection
	GlobalSection(SolutionProperties) = preSolution
		HideSolutionNode = FALSE
	EndGlobalSection
EndGlobal
